
Microsoft Visual Studio Solution File, Format Version 12.00
# Visual Studio Version 17
VisualStudioVersion = 17.0.31903.59
MinimumVisualStudioVersion = 10.0.40219.1
Project("{9A19103F-16F7-4668-BE54-9A1E7A4F7556}") = "ShowReel.RestService", "ShowReel.RestService\ShowReel.RestService.csproj", "{F12857C4-6EDE-4E73-A3E5-C4D662F8FD93}"
EndProject
Project("{9A19103F-16F7-4668-BE54-9A1E7A4F7556}") = "ShowReel.RestService.Test", "ShowReel.RestService.Test\ShowReel.RestService.Test.csproj", "{F5A431F6-3A09-41DE-B6F6-DA05B8B406F0}"
EndProject
Project("{9A19103F-16F7-4668-BE54-9A1E7A4F7556}") = "ShowReel.Lib", "ShowReel.lib\ShowReel.Lib.csproj", "{46C2D8DA-3A71-4268-88DF-F552A07880DE}"
EndProject
Global
	GlobalSection(SolutionConfigurationPlatforms) = preSolution
		Debug|Any CPU = Debug|Any CPU
		Release|Any CPU = Release|Any CPU
	EndGlobalSection
	GlobalSection(ProjectConfigurationPlatforms) = postSolution
		{F12857C4-6EDE-4E73-A3E5-C4D662F8FD93}.Debug|Any CPU.ActiveCfg = Debug|Any CPU
		{F12857C4-6EDE-4E73-A3E5-C4D662F8FD93}.Debug|Any CPU.Build.0 = Debug|Any CPU
		{F12857C4-6EDE-4E73-A3E5-C4D662F8FD93}.Release|Any CPU.ActiveCfg = Release|Any CPU
		{F12857C4-6EDE-4E73-A3E5-C4D662F8FD93}.Release|Any CPU.Build.0 = Release|Any CPU
		{F5A431F6-3A09-41DE-B6F6-DA05B8B406F0}.Debug|Any CPU.ActiveCfg = Debug|Any CPU
		{F5A431F6-3A09-41DE-B6F6-DA05B8B406F0}.Debug|Any CPU.Build.0 = Debug|Any CPU
		{F5A431F6-3A09-41DE-B6F6-DA05B8B406F0}.Release|Any CPU.ActiveCfg = Release|Any CPU
		{F5A431F6-3A09-41DE-B6F6-DA05B8B406F0}.Release|Any CPU.Build.0 = Release|Any CPU
		{46C2D8DA-3A71-4268-88DF-F552A07880DE}.Debug|Any CPU.ActiveCfg = Debug|Any CPU
		{46C2D8DA-3A71-4268-88DF-F552A07880DE}.Debug|Any CPU.Build.0 = Debug|Any CPU
		{46C2D8DA-3A71-4268-88DF-F552A07880DE}.Release|Any CPU.ActiveCfg = Release|Any CPU
		{46C2D8DA-3A71-4268-88DF-F552A07880DE}.Release|Any CPU.Build.0 = Release|Any CPU
	EndGlobalSection
	GlobalSection(SolutionProperties) = preSolution
		HideSolutionNode = FALSE
	EndGlobalSection
	GlobalSection(ExtensibilityGlobals) = postSolution
		SolutionGuid = {729DFBE0-15D9-4F0C-B2C9-043AF1424B34}
	EndGlobalSection
EndGlobal
