
Microsoft Visual Studio Solution File, Format Version 12.00
# Visual Studio Version 17
VisualStudioVersion = 17.0.31903.59
MinimumVisualStudioVersion = 10.0.40219.1
Project("{9A19103F-16F7-4668-BE54-9A1E7A4F7556}") = "ShowReel.RestService", "ShowReel.RestService\ShowReel.RestService.csproj", "{F12857C4-6EDE-4E73-A3E5-C4D662F8FD93}"
EndProject
Project("{9A19103F-16F7-4668-BE54-9A1E7A4F7556}") = "ShowReel.Test", "ShowReel.Test\ShowReel.Test.csproj", "{4D152D54-61E7-4754-B085-081B75A80BD8}"
EndProject
Project("{9A19103F-16F7-4668-BE54-9A1E7A4F7556}") = "ShowReel.Core", "ShowReel.Core\ShowReel.Core.csproj", "{FB33C015-0DDD-4EBB-B9CE-9CA2E8CB37CD}"
EndProject
Project("{9A19103F-16F7-4668-BE54-9A1E7A4F7556}") = "ShowReel.Application", "ShowReel.Application\ShowReel.Application.csproj", "{6F820BC7-1589-47EA-AB86-6E7F115E6039}"
EndProject
Project("{9A19103F-16F7-4668-BE54-9A1E7A4F7556}") = "ShowReel.Infrastructure", "ShowReel.Infrastructure\ShowReel.Infrastructure.csproj", "{63D1952E-17A1-4788-AD4D-4243E5B85ECE}"
EndProject
Project("{E53339B2-1760-4266-BCC7-CA923CBCF16C}") = "docker-compose", "docker-compose.dcproj", "{A6A08995-FE63-4793-91F5-025C794FF7EF}"
EndProject
Global
	GlobalSection(SolutionConfigurationPlatforms) = preSolution
		Debug|Any CPU = Debug|Any CPU
		Release|Any CPU = Release|Any CPU
	EndGlobalSection
	GlobalSection(ProjectConfigurationPlatforms) = postSolution
		{F12857C4-6EDE-4E73-A3E5-C4D662F8FD93}.Debug|Any CPU.ActiveCfg = Debug|Any CPU
		{F12857C4-6EDE-4E73-A3E5-C4D662F8FD93}.Debug|Any CPU.Build.0 = Debug|Any CPU
		{F12857C4-6EDE-4E73-A3E5-C4D662F8FD93}.Release|Any CPU.ActiveCfg = Release|Any CPU
		{F12857C4-6EDE-4E73-A3E5-C4D662F8FD93}.Release|Any CPU.Build.0 = Release|Any CPU
		{4D152D54-61E7-4754-B085-081B75A80BD8}.Debug|Any CPU.ActiveCfg = Debug|Any CPU
		{4D152D54-61E7-4754-B085-081B75A80BD8}.Debug|Any CPU.Build.0 = Debug|Any CPU
		{4D152D54-61E7-4754-B085-081B75A80BD8}.Release|Any CPU.ActiveCfg = Release|Any CPU
		{4D152D54-61E7-4754-B085-081B75A80BD8}.Release|Any CPU.Build.0 = Release|Any CPU
		{FB33C015-0DDD-4EBB-B9CE-9CA2E8CB37CD}.Debug|Any CPU.ActiveCfg = Debug|Any CPU
		{FB33C015-0DDD-4EBB-B9CE-9CA2E8CB37CD}.Debug|Any CPU.Build.0 = Debug|Any CPU
		{FB33C015-0DDD-4EBB-B9CE-9CA2E8CB37CD}.Release|Any CPU.ActiveCfg = Release|Any CPU
		{FB33C015-0DDD-4EBB-B9CE-9CA2E8CB37CD}.Release|Any CPU.Build.0 = Release|Any CPU
		{6F820BC7-1589-47EA-AB86-6E7F115E6039}.Debug|Any CPU.ActiveCfg = Debug|Any CPU
		{6F820BC7-1589-47EA-AB86-6E7F115E6039}.Debug|Any CPU.Build.0 = Debug|Any CPU
		{6F820BC7-1589-47EA-AB86-6E7F115E6039}.Release|Any CPU.ActiveCfg = Release|Any CPU
		{6F820BC7-1589-47EA-AB86-6E7F115E6039}.Release|Any CPU.Build.0 = Release|Any CPU
		{63D1952E-17A1-4788-AD4D-4243E5B85ECE}.Debug|Any CPU.ActiveCfg = Debug|Any CPU
		{63D1952E-17A1-4788-AD4D-4243E5B85ECE}.Debug|Any CPU.Build.0 = Debug|Any CPU
		{63D1952E-17A1-4788-AD4D-4243E5B85ECE}.Release|Any CPU.ActiveCfg = Release|Any CPU
		{63D1952E-17A1-4788-AD4D-4243E5B85ECE}.Release|Any CPU.Build.0 = Release|Any CPU
		{A6A08995-FE63-4793-91F5-025C794FF7EF}.Debug|Any CPU.ActiveCfg = Debug|Any CPU
		{A6A08995-FE63-4793-91F5-025C794FF7EF}.Debug|Any CPU.Build.0 = Debug|Any CPU
		{A6A08995-FE63-4793-91F5-025C794FF7EF}.Release|Any CPU.ActiveCfg = Release|Any CPU
		{A6A08995-FE63-4793-91F5-025C794FF7EF}.Release|Any CPU.Build.0 = Release|Any CPU
	EndGlobalSection
	GlobalSection(SolutionProperties) = preSolution
		HideSolutionNode = FALSE
	EndGlobalSection
	GlobalSection(ExtensibilityGlobals) = postSolution
		SolutionGuid = {729DFBE0-15D9-4F0C-B2C9-043AF1424B34}
	EndGlobalSection
EndGlobal
